{
  "version": 4,
  "terraform_version": "0.13.2",
  "serial": 202,
  "lineage": "01ba2572-8694-b557-6e50-ac13448fad72",
  "outputs": {
    "ec2s-ippr": {
      "value": [
        "3.128.79.179",
        "3.133.109.56"
      ],
      "type": [
        "tuple",
        [
          "string",
          "string"
        ]
      ]
    },
    "pub-subnets": {
      "value": "subnet-01b20431b259209b8",
      "type": "string"
    },
    "sonarqube": {
      "value": "3.133.132.181",
      "type": "string"
    }
  },
  "resources": [
    {
      "mode": "data",
      "type": "aws_availability_zones",
      "name": "fleur-zone",
      "provider": "provider[\"registry.terraform.io/hashicorp/aws\"]",
      "instances": [
        {
          "schema_version": 0,
          "attributes": {
            "all_availability_zones": null,
            "exclude_names": null,
            "exclude_zone_ids": null,
            "filter": null,
            "group_names": [
              "us-east-2"
            ],
            "id": "us-east-2",
            "names": [
              "us-east-2a",
              "us-east-2b",
              "us-east-2c"
            ],
            "state": null,
            "zone_ids": [
              "use2-az1",
              "use2-az2",
              "use2-az3"
            ]
          }
        }
      ]
    },
    {
      "mode": "managed",
      "type": "aws_instance",
      "name": "SonarQubesinstance",
      "provider": "provider[\"registry.terraform.io/hashicorp/aws\"]",
      "instances": [
        {
          "schema_version": 1,
          "attributes": {
            "ami": "ami-002068ed284fb165b",
            "arn": "arn:aws:ec2:us-east-2:735972722491:instance/i-0d55687f7a68fd883",
            "associate_public_ip_address": true,
            "availability_zone": "us-east-2a",
            "capacity_reservation_specification": [
              {
                "capacity_reservation_preference": "open",
                "capacity_reservation_target": []
              }
            ],
            "cpu_core_count": 2,
            "cpu_threads_per_core": 1,
            "credit_specification": [
              {
                "cpu_credits": "standard"
              }
            ],
            "disable_api_termination": false,
            "ebs_block_device": [],
            "ebs_optimized": false,
            "enclave_options": [
              {
                "enabled": false
              }
            ],
            "ephemeral_block_device": [],
            "get_password_data": false,
            "hibernation": false,
            "host_id": null,
            "iam_instance_profile": "",
            "id": "i-0d55687f7a68fd883",
            "instance_initiated_shutdown_behavior": "stop",
            "instance_state": "running",
            "instance_type": "t2.medium",
            "ipv6_address_count": 0,
            "ipv6_addresses": [],
            "key_name": "jenkins-sonar",
            "launch_template": [],
            "metadata_options": [
              {
                "http_endpoint": "enabled",
                "http_put_response_hop_limit": 1,
                "http_tokens": "optional"
              }
            ],
            "monitoring": false,
            "network_interface": [],
            "outpost_arn": "",
            "password_data": "",
            "placement_group": "",
            "placement_partition_number": null,
            "primary_network_interface_id": "eni-0c0f2bef616b36657",
            "private_dns": "ip-150-0-0-58.us-east-2.compute.internal",
            "private_ip": "150.0.0.58",
            "public_dns": "",
            "public_ip": "3.133.132.181",
            "root_block_device": [
              {
                "delete_on_termination": true,
                "device_name": "/dev/xvda",
                "encrypted": false,
                "iops": 100,
                "kms_key_id": "",
                "tags": {},
                "throughput": 0,
                "volume_id": "vol-0823e74e7c12eae5b",
                "volume_size": 8,
                "volume_type": "gp2"
              }
            ],
            "secondary_private_ips": [],
            "security_groups": [],
            "source_dest_check": true,
            "subnet_id": "subnet-01b20431b259209b8",
            "tags": {
              "Name": "SonarQubesinstance"
            },
            "tags_all": {
              "Name": "SonarQubesinstance"
            },
            "tenancy": "default",
            "timeouts": null,
            "user_data": "0ca3b2f7f5b806ab17ef4b870e02f1bd7602464d",
            "user_data_base64": null,
            "volume_tags": null,
            "vpc_security_group_ids": [
              "sg-01bdb81ab9fa71b04"
            ]
          },
          "private": "eyJlMmJmYjczMC1lY2FhLTExZTYtOGY4OC0zNDM2M2JjN2M0YzAiOnsiY3JlYXRlIjo2MDAwMDAwMDAwMDAsImRlbGV0ZSI6MTIwMDAwMDAwMDAwMCwidXBkYXRlIjo2MDAwMDAwMDAwMDB9LCJzY2hlbWFfdmVyc2lvbiI6IjEifQ==",
          "dependencies": [
            "aws_security_group.fleur-public-security-group",
            "aws_subnet.fleur-public-subnet",
            "aws_vpc.fleur-vpc",
            "data.aws_availability_zones.fleur-zone"
          ]
        }
      ]
    },
    {
      "mode": "managed",
      "type": "aws_instance",
      "name": "jenkinsinstance",
      "provider": "provider[\"registry.terraform.io/hashicorp/aws\"]",
      "instances": [
        {
          "index_key": 0,
          "schema_version": 1,
          "attributes": {
            "ami": "ami-002068ed284fb165b",
            "arn": "arn:aws:ec2:us-east-2:735972722491:instance/i-01871d7a9c30b3006",
            "associate_public_ip_address": true,
            "availability_zone": "us-east-2a",
            "capacity_reservation_specification": [
              {
                "capacity_reservation_preference": "open",
                "capacity_reservation_target": []
              }
            ],
            "cpu_core_count": 2,
            "cpu_threads_per_core": 1,
            "credit_specification": [
              {
                "cpu_credits": "standard"
              }
            ],
            "disable_api_termination": false,
            "ebs_block_device": [],
            "ebs_optimized": false,
            "enclave_options": [
              {
                "enabled": false
              }
            ],
            "ephemeral_block_device": [],
            "get_password_data": false,
            "hibernation": false,
            "host_id": null,
            "iam_instance_profile": "",
            "id": "i-01871d7a9c30b3006",
            "instance_initiated_shutdown_behavior": "stop",
            "instance_state": "running",
            "instance_type": "t2.medium",
            "ipv6_address_count": 0,
            "ipv6_addresses": [],
            "key_name": "jenkins-sonar",
            "launch_template": [],
            "metadata_options": [
              {
                "http_endpoint": "enabled",
                "http_put_response_hop_limit": 1,
                "http_tokens": "optional"
              }
            ],
            "monitoring": false,
            "network_interface": [],
            "outpost_arn": "",
            "password_data": "",
            "placement_group": "",
            "placement_partition_number": null,
            "primary_network_interface_id": "eni-06fe389d393458ff6",
            "private_dns": "ip-150-0-0-232.us-east-2.compute.internal",
            "private_ip": "150.0.0.232",
            "public_dns": "",
            "public_ip": "3.128.79.179",
            "root_block_device": [
              {
                "delete_on_termination": true,
                "device_name": "/dev/xvda",
                "encrypted": false,
                "iops": 100,
                "kms_key_id": "",
                "tags": {},
                "throughput": 0,
                "volume_id": "vol-0212bc29a7f126932",
                "volume_size": 8,
                "volume_type": "gp2"
              }
            ],
            "secondary_private_ips": [],
            "security_groups": [],
            "source_dest_check": true,
            "subnet_id": "subnet-01b20431b259209b8",
            "tags": {
              "Name": "jenkins-agen1"
            },
            "tags_all": {
              "Name": "jenkins-agen1"
            },
            "tenancy": "default",
            "timeouts": null,
            "user_data": "a820006d3c57dabaef4f0d8345f29a2fc612f962",
            "user_data_base64": null,
            "volume_tags": null,
            "vpc_security_group_ids": [
              "sg-01bdb81ab9fa71b04"
            ]
          },
          "private": "eyJlMmJmYjczMC1lY2FhLTExZTYtOGY4OC0zNDM2M2JjN2M0YzAiOnsiY3JlYXRlIjo2MDAwMDAwMDAwMDAsImRlbGV0ZSI6MTIwMDAwMDAwMDAwMCwidXBkYXRlIjo2MDAwMDAwMDAwMDB9LCJzY2hlbWFfdmVyc2lvbiI6IjEifQ==",
          "dependencies": [
            "aws_security_group.fleur-public-security-group",
            "aws_subnet.fleur-public-subnet"
          ]
        },
        {
          "index_key": 1,
          "schema_version": 1,
          "attributes": {
            "ami": "ami-002068ed284fb165b",
            "arn": "arn:aws:ec2:us-east-2:735972722491:instance/i-0fc15e8d281edf696",
            "associate_public_ip_address": true,
            "availability_zone": "us-east-2a",
            "capacity_reservation_specification": [
              {
                "capacity_reservation_preference": "open",
                "capacity_reservation_target": []
              }
            ],
            "cpu_core_count": 2,
            "cpu_threads_per_core": 1,
            "credit_specification": [
              {
                "cpu_credits": "standard"
              }
            ],
            "disable_api_termination": false,
            "ebs_block_device": [],
            "ebs_optimized": false,
            "enclave_options": [
              {
                "enabled": false
              }
            ],
            "ephemeral_block_device": [],
            "get_password_data": false,
            "hibernation": false,
            "host_id": null,
            "iam_instance_profile": "",
            "id": "i-0fc15e8d281edf696",
            "instance_initiated_shutdown_behavior": "stop",
            "instance_state": "running",
            "instance_type": "t2.medium",
            "ipv6_address_count": 0,
            "ipv6_addresses": [],
            "key_name": "jenkins-sonar",
            "launch_template": [],
            "metadata_options": [
              {
                "http_endpoint": "enabled",
                "http_put_response_hop_limit": 1,
                "http_tokens": "optional"
              }
            ],
            "monitoring": false,
            "network_interface": [],
            "outpost_arn": "",
            "password_data": "",
            "placement_group": "",
            "placement_partition_number": null,
            "primary_network_interface_id": "eni-0f4cac8881a9bb8d5",
            "private_dns": "ip-150-0-0-199.us-east-2.compute.internal",
            "private_ip": "150.0.0.199",
            "public_dns": "",
            "public_ip": "3.133.109.56",
            "root_block_device": [
              {
                "delete_on_termination": true,
                "device_name": "/dev/xvda",
                "encrypted": false,
                "iops": 100,
                "kms_key_id": "",
                "tags": {},
                "throughput": 0,
                "volume_id": "vol-0f2699be8dc2e77e9",
                "volume_size": 8,
                "volume_type": "gp2"
              }
            ],
            "secondary_private_ips": [],
            "security_groups": [],
            "source_dest_check": true,
            "subnet_id": "subnet-01b20431b259209b8",
            "tags": {
              "Name": "jenkins-agen2"
            },
            "tags_all": {
              "Name": "jenkins-agen2"
            },
            "tenancy": "default",
            "timeouts": null,
            "user_data": "a820006d3c57dabaef4f0d8345f29a2fc612f962",
            "user_data_base64": null,
            "volume_tags": null,
            "vpc_security_group_ids": [
              "sg-01bdb81ab9fa71b04"
            ]
          },
          "private": "eyJlMmJmYjczMC1lY2FhLTExZTYtOGY4OC0zNDM2M2JjN2M0YzAiOnsiY3JlYXRlIjo2MDAwMDAwMDAwMDAsImRlbGV0ZSI6MTIwMDAwMDAwMDAwMCwidXBkYXRlIjo2MDAwMDAwMDAwMDB9LCJzY2hlbWFfdmVyc2lvbiI6IjEifQ==",
          "dependencies": [
            "aws_security_group.fleur-public-security-group",
            "aws_subnet.fleur-public-subnet"
          ]
        }
      ]
    },
    {
      "mode": "managed",
      "type": "aws_internet_gateway",
      "name": "fleur-gateway",
      "provider": "provider[\"registry.terraform.io/hashicorp/aws\"]",
      "instances": [
        {
          "schema_version": 0,
          "attributes": {
            "arn": "arn:aws:ec2:us-east-2:735972722491:internet-gateway/igw-038fd7a3b399c435f",
            "id": "igw-038fd7a3b399c435f",
            "owner_id": "735972722491",
            "tags": {
              "Name": "internet-gateway"
            },
            "tags_all": {
              "Name": "internet-gateway"
            },
            "vpc_id": "vpc-0f0e077558368f636"
          },
          "private": "bnVsbA==",
          "dependencies": [
            "aws_vpc.fleur-vpc"
          ]
        }
      ]
    },
    {
      "mode": "managed",
      "type": "aws_route_table",
      "name": "fleur-private-route-table",
      "provider": "provider[\"registry.terraform.io/hashicorp/aws\"]",
      "instances": [
        {
          "schema_version": 0,
          "attributes": {
            "arn": "arn:aws:ec2:us-east-2:735972722491:route-table/rtb-0be0ed4972552415b",
            "id": "rtb-0be0ed4972552415b",
            "owner_id": "735972722491",
            "propagating_vgws": [],
            "route": [],
            "tags": {
              "Name": "private-route-table"
            },
            "tags_all": {
              "Name": "private-route-table"
            },
            "timeouts": null,
            "vpc_id": "vpc-0f0e077558368f636"
          },
          "private": "eyJlMmJmYjczMC1lY2FhLTExZTYtOGY4OC0zNDM2M2JjN2M0YzAiOnsiY3JlYXRlIjoxMjAwMDAwMDAwMDAsImRlbGV0ZSI6MzAwMDAwMDAwMDAwLCJ1cGRhdGUiOjEyMDAwMDAwMDAwMH19",
          "dependencies": [
            "aws_vpc.fleur-vpc"
          ]
        }
      ]
    },
    {
      "mode": "managed",
      "type": "aws_route_table",
      "name": "fleur-public-route-table",
      "provider": "provider[\"registry.terraform.io/hashicorp/aws\"]",
      "instances": [
        {
          "schema_version": 0,
          "attributes": {
            "arn": "arn:aws:ec2:us-east-2:735972722491:route-table/rtb-072064b45b1609d20",
            "id": "rtb-072064b45b1609d20",
            "owner_id": "735972722491",
            "propagating_vgws": [],
            "route": [
              {
                "carrier_gateway_id": "",
                "cidr_block": "0.0.0.0/0",
                "destination_prefix_list_id": "",
                "egress_only_gateway_id": "",
                "gateway_id": "igw-038fd7a3b399c435f",
                "instance_id": "",
                "ipv6_cidr_block": "",
                "local_gateway_id": "",
                "nat_gateway_id": "",
                "network_interface_id": "",
                "transit_gateway_id": "",
                "vpc_endpoint_id": "",
                "vpc_peering_connection_id": ""
              }
            ],
            "tags": {
              "Name": "public-route-table"
            },
            "tags_all": {
              "Name": "public-route-table"
            },
            "timeouts": null,
            "vpc_id": "vpc-0f0e077558368f636"
          },
          "private": "eyJlMmJmYjczMC1lY2FhLTExZTYtOGY4OC0zNDM2M2JjN2M0YzAiOnsiY3JlYXRlIjoxMjAwMDAwMDAwMDAsImRlbGV0ZSI6MzAwMDAwMDAwMDAwLCJ1cGRhdGUiOjEyMDAwMDAwMDAwMH19",
          "dependencies": [
            "aws_internet_gateway.fleur-gateway",
            "aws_vpc.fleur-vpc"
          ]
        }
      ]
    },
    {
      "mode": "managed",
      "type": "aws_route_table_association",
      "name": "fleur-private-rt-association",
      "provider": "provider[\"registry.terraform.io/hashicorp/aws\"]",
      "instances": [
        {
          "index_key": 0,
          "schema_version": 0,
          "attributes": {
            "gateway_id": "",
            "id": "rtbassoc-08c71ef4235ee9ac5",
            "route_table_id": "rtb-0be0ed4972552415b",
            "subnet_id": "subnet-0988fcd82452ab8c1"
          },
          "private": "bnVsbA==",
          "dependencies": [
            "aws_route_table.fleur-private-route-table",
            "aws_subnet.fleur-private-subnet",
            "aws_vpc.fleur-vpc",
            "data.aws_availability_zones.fleur-zone"
          ]
        },
        {
          "index_key": 1,
          "schema_version": 0,
          "attributes": {
            "gateway_id": "",
            "id": "rtbassoc-07bac11b5b7f499b0",
            "route_table_id": "rtb-0be0ed4972552415b",
            "subnet_id": "subnet-076bdab1e7e63b242"
          },
          "private": "bnVsbA==",
          "dependencies": [
            "aws_route_table.fleur-private-route-table",
            "aws_subnet.fleur-private-subnet",
            "aws_vpc.fleur-vpc",
            "data.aws_availability_zones.fleur-zone"
          ]
        }
      ]
    },
    {
      "mode": "managed",
      "type": "aws_route_table_association",
      "name": "fleur-public-rt-association",
      "provider": "provider[\"registry.terraform.io/hashicorp/aws\"]",
      "instances": [
        {
          "index_key": 0,
          "schema_version": 0,
          "attributes": {
            "gateway_id": "",
            "id": "rtbassoc-0e0dff1fb2753120f",
            "route_table_id": "rtb-072064b45b1609d20",
            "subnet_id": "subnet-01b20431b259209b8"
          },
          "private": "bnVsbA==",
          "dependencies": [
            "aws_internet_gateway.fleur-gateway",
            "aws_route_table.fleur-public-route-table",
            "aws_subnet.fleur-public-subnet",
            "aws_vpc.fleur-vpc",
            "data.aws_availability_zones.fleur-zone"
          ]
        },
        {
          "index_key": 1,
          "schema_version": 0,
          "attributes": {
            "gateway_id": "",
            "id": "rtbassoc-03a1c7d06b6d0cc8e",
            "route_table_id": "rtb-072064b45b1609d20",
            "subnet_id": "subnet-0ed4523c42a66bd1c"
          },
          "private": "bnVsbA==",
          "dependencies": [
            "aws_internet_gateway.fleur-gateway",
            "aws_route_table.fleur-public-route-table",
            "aws_subnet.fleur-public-subnet",
            "aws_vpc.fleur-vpc",
            "data.aws_availability_zones.fleur-zone"
          ]
        },
        {
          "index_key": 2,
          "schema_version": 0,
          "attributes": {
            "gateway_id": "",
            "id": "rtbassoc-0204f02bc47f94caa",
            "route_table_id": "rtb-072064b45b1609d20",
            "subnet_id": "subnet-09f07bf9c12261b3a"
          },
          "private": "bnVsbA==",
          "dependencies": [
            "aws_internet_gateway.fleur-gateway",
            "aws_route_table.fleur-public-route-table",
            "aws_subnet.fleur-public-subnet",
            "aws_vpc.fleur-vpc",
            "data.aws_availability_zones.fleur-zone"
          ]
        }
      ]
    },
    {
      "mode": "managed",
      "type": "aws_security_group",
      "name": "fleur-private-security-group",
      "provider": "provider[\"registry.terraform.io/hashicorp/aws\"]",
      "instances": [
        {
          "schema_version": 1,
          "attributes": {
            "arn": "arn:aws:ec2:us-east-2:735972722491:security-group/sg-0a78ba5b093749477",
            "description": "Allow SSH and Postgresql traffic",
            "egress": [],
            "id": "sg-0a78ba5b093749477",
            "ingress": [
              {
                "cidr_blocks": [
                  "150.0.0.0/16"
                ],
                "description": "Allow Postgres traffic",
                "from_port": 5432,
                "ipv6_cidr_blocks": [],
                "prefix_list_ids": [],
                "protocol": "tcp",
                "security_groups": [],
                "self": false,
                "to_port": 5432
              },
              {
                "cidr_blocks": [
                  "150.0.0.0/16"
                ],
                "description": "Allow SSH traffic",
                "from_port": 22,
                "ipv6_cidr_blocks": [],
                "prefix_list_ids": [],
                "protocol": "tcp",
                "security_groups": [],
                "self": false,
                "to_port": 22
              }
            ],
            "name": "Private access",
            "name_prefix": "",
            "owner_id": "735972722491",
            "revoke_rules_on_delete": false,
            "tags": {
              "Name": "private-security-group"
            },
            "tags_all": {
              "Name": "private-security-group"
            },
            "timeouts": null,
            "vpc_id": "vpc-0f0e077558368f636"
          },
          "private": "eyJlMmJmYjczMC1lY2FhLTExZTYtOGY4OC0zNDM2M2JjN2M0YzAiOnsiY3JlYXRlIjo2MDAwMDAwMDAwMDAsImRlbGV0ZSI6OTAwMDAwMDAwMDAwfSwic2NoZW1hX3ZlcnNpb24iOiIxIn0=",
          "dependencies": [
            "aws_vpc.fleur-vpc"
          ]
        }
      ]
    },
    {
      "mode": "managed",
      "type": "aws_security_group",
      "name": "fleur-public-security-group",
      "provider": "provider[\"registry.terraform.io/hashicorp/aws\"]",
      "instances": [
        {
          "schema_version": 1,
          "attributes": {
            "arn": "arn:aws:ec2:us-east-2:735972722491:security-group/sg-01bdb81ab9fa71b04",
            "description": "Allow TCP inbound traffic",
            "egress": [
              {
                "cidr_blocks": [
                  "0.0.0.0/0"
                ],
                "description": "",
                "from_port": 0,
                "ipv6_cidr_blocks": [
                  "::/0"
                ],
                "prefix_list_ids": [],
                "protocol": "-1",
                "security_groups": [],
                "self": false,
                "to_port": 0
              }
            ],
            "id": "sg-01bdb81ab9fa71b04",
            "ingress": [
              {
                "cidr_blocks": [
                  "69.140.69.104/32",
                  "71.163.242.34/32"
                ],
                "description": "Allow HTTP traffic",
                "from_port": 9000,
                "ipv6_cidr_blocks": [],
                "prefix_list_ids": [],
                "protocol": "tcp",
                "security_groups": [],
                "self": false,
                "to_port": 9000
              },
              {
                "cidr_blocks": [
                  "69.140.69.104/32",
                  "71.163.242.34/32"
                ],
                "description": "port 22",
                "from_port": 22,
                "ipv6_cidr_blocks": [],
                "prefix_list_ids": [],
                "protocol": "tcp",
                "security_groups": [],
                "self": false,
                "to_port": 22
              },
              {
                "cidr_blocks": [
                  "69.140.69.104/32",
                  "71.163.242.34/32"
                ],
                "description": "port 443",
                "from_port": 8080,
                "ipv6_cidr_blocks": [],
                "prefix_list_ids": [],
                "protocol": "tcp",
                "security_groups": [],
                "self": false,
                "to_port": 8080
              },
              {
                "cidr_blocks": [
                  "69.140.69.104/32",
                  "71.163.242.34/32"
                ],
                "description": "port 443",
                "from_port": 80,
                "ipv6_cidr_blocks": [],
                "prefix_list_ids": [],
                "protocol": "tcp",
                "security_groups": [],
                "self": false,
                "to_port": 80
              }
            ],
            "name": "Public access",
            "name_prefix": "",
            "owner_id": "735972722491",
            "revoke_rules_on_delete": false,
            "tags": {
              "Name": "public-security-group"
            },
            "tags_all": {
              "Name": "public-security-group"
            },
            "timeouts": null,
            "vpc_id": "vpc-0f0e077558368f636"
          },
          "private": "eyJlMmJmYjczMC1lY2FhLTExZTYtOGY4OC0zNDM2M2JjN2M0YzAiOnsiY3JlYXRlIjo2MDAwMDAwMDAwMDAsImRlbGV0ZSI6OTAwMDAwMDAwMDAwfSwic2NoZW1hX3ZlcnNpb24iOiIxIn0=",
          "dependencies": [
            "aws_vpc.fleur-vpc"
          ],
          "create_before_destroy": true
        }
      ]
    },
    {
      "mode": "managed",
      "type": "aws_ssm_parameter",
      "name": "cloud_agent",
      "provider": "provider[\"registry.terraform.io/hashicorp/aws\"]",
      "instances": [
        {
          "schema_version": 0,
          "attributes": {
            "allowed_pattern": "",
            "arn": "arn:aws:ssm:us-east-2:735972722491:parameter/jenkins",
            "data_type": "text",
            "description": "Value for the aws cloudwatch agent on jenkins agents",
            "id": "jenkins",
            "key_id": "",
            "name": "jenkins",
            "overwrite": null,
            "tags": {
              "Name": "cloudwatch_agent"
            },
            "tags_all": {
              "Name": "cloudwatch_agent"
            },
            "tier": "Standard",
            "type": "String",
            "value": "{\n    \"agent\": {\n      \"metrics_collection_interval\": 10,\n      \"run_as_user\": \"root\"\n    },\n    \"metrics\": {\n      \"append_dimensions\": {\n        \"AutoScalingGroupName\": \"${aws:AutoScalingGroupName}\",\n        \"ImageId\": \"${aws:ImageId}\",\n        \"InstanceId\": \"${aws:InstanceId}\",\n        \"InstanceType\": \"${aws:InstanceType}\"\n      },\n      \"metrics_collected\": {\n        \"cpu\": {\n          \"measurement\": [\n            \"cpu_usage_idle\",\n            \"cpu_usage_iowait\",\n            \"cpu_usage_user\",\n            \"cpu_usage_system\"\n          ],\n          \"metrics_collection_interval\": 10,\n          \"resources\": [\"*\"],\n          \"totalcpu\": false\n        },\n        \"disk\": {\n          \"measurement\": [\"used_percent\", \"inodes_free\"],\n          \"metrics_collection_interval\": 10,\n          \"resources\": [\"*\"]\n        },\n        \"diskio\": {\n          \"measurement\": [\n            \"io_time\",\n            \"write_bytes\",\n            \"read_bytes\",\n            \"writes\",\n            \"reads\"\n          ],\n          \"metrics_collection_interval\": 10,\n          \"resources\": [\"*\"]\n        },\n        \"mem\": {\n          \"measurement\": [\"mem_used_percent\"],\n          \"metrics_collection_interval\": 10\n        },\n        \"netstat\": {\n          \"measurement\": [\"tcp_established\", \"tcp_time_wait\"],\n          \"metrics_collection_interval\": 10\n        },\n        \"swap\": {\n          \"measurement\": [\"swap_used_percent\"],\n          \"metrics_collection_interval\": 10\n        }\n      }\n    },\n    \"logs\": {\n      \"logs_collected\": {\n        \"files\": {\n          \"collect_list\": [\n            {\n              \"file_path\": \"/var/log/user-data.log\",\n              \"log_group_name\": \"/aws/cloudwatch-agent/ec2/logs/{instance_id}\",\n              \"log_stream_name\": \"/var/log/user-data.log\"\n            },\n            {\n              \"file_path\": \"/var/log/amazon/ssm/amazon-ssm-agent.log\",\n              \"log_group_name\": \"/aws/cloudwatch-agent/ec2/logs/{instance_id}\",\n              \"log_stream_name\": \"/var/log/amazon/ssm/amazon-ssm-agent.log\"\n            },\n            {\n              \"file_path\": \"/var/log/amazon/ssm/errors.log\",\n              \"log_group_name\": \"/aws/cloudwatch-agent/ec2/logs/{instance_id}\",\n              \"log_stream_name\": \"/var/log/amazon/ssm/errors.log\"\n            },\n            {\n              \"file_path\": \"/var/log/amazon/ssm/audits/amazon-ssm-agent-audit-*\",\n              \"log_group_name\": \"/aws/cloudwatch-agent/ec2/logs/{instance_id}\",\n              \"log_stream_name\": \"/var/log/amazon/ssm/audits/amazon-ssm-agent-audit.log\"\n            },\n            {\n              \"file_path\": \"/opt/aws/amazon-cloudwatch-agent/logs/amazon-cloudwatch-agent.log\",\n              \"log_group_name\": \"/aws/cloudwatch-agent/ec2/logs/{instance_id}\",\n              \"log_stream_name\": \"/opt/aws/amazon-cloudwatch-agent/logs/amazon-cloudwatch-agent.log\"\n            }\n          ]\n        }\n      }\n    }\n  }",
            "version": 1
          },
          "private": "bnVsbA=="
        }
      ]
    },
    {
      "mode": "managed",
      "type": "aws_subnet",
      "name": "fleur-private-subnet",
      "provider": "provider[\"registry.terraform.io/hashicorp/aws\"]",
      "instances": [
        {
          "index_key": 0,
          "schema_version": 1,
          "attributes": {
            "arn": "arn:aws:ec2:us-east-2:735972722491:subnet/subnet-0988fcd82452ab8c1",
            "assign_ipv6_address_on_creation": false,
            "availability_zone": "us-east-2a",
            "availability_zone_id": "use2-az1",
            "cidr_block": "150.0.1.0/24",
            "customer_owned_ipv4_pool": "",
            "id": "subnet-0988fcd82452ab8c1",
            "ipv6_cidr_block": "",
            "ipv6_cidr_block_association_id": "",
            "map_customer_owned_ip_on_launch": false,
            "map_public_ip_on_launch": true,
            "outpost_arn": "",
            "owner_id": "735972722491",
            "tags": {
              "Name": "fleur-private-subnet_1"
            },
            "tags_all": {
              "Name": "fleur-private-subnet_1"
            },
            "timeouts": null,
            "vpc_id": "vpc-0f0e077558368f636"
          },
          "private": "eyJlMmJmYjczMC1lY2FhLTExZTYtOGY4OC0zNDM2M2JjN2M0YzAiOnsiY3JlYXRlIjo2MDAwMDAwMDAwMDAsImRlbGV0ZSI6MTIwMDAwMDAwMDAwMH0sInNjaGVtYV92ZXJzaW9uIjoiMSJ9",
          "dependencies": [
            "aws_vpc.fleur-vpc",
            "data.aws_availability_zones.fleur-zone"
          ],
          "create_before_destroy": true
        },
        {
          "index_key": 1,
          "schema_version": 1,
          "attributes": {
            "arn": "arn:aws:ec2:us-east-2:735972722491:subnet/subnet-076bdab1e7e63b242",
            "assign_ipv6_address_on_creation": false,
            "availability_zone": "us-east-2b",
            "availability_zone_id": "use2-az2",
            "cidr_block": "150.0.3.0/24",
            "customer_owned_ipv4_pool": "",
            "id": "subnet-076bdab1e7e63b242",
            "ipv6_cidr_block": "",
            "ipv6_cidr_block_association_id": "",
            "map_customer_owned_ip_on_launch": false,
            "map_public_ip_on_launch": true,
            "outpost_arn": "",
            "owner_id": "735972722491",
            "tags": {
              "Name": "fleur-private-subnet_2"
            },
            "tags_all": {
              "Name": "fleur-private-subnet_2"
            },
            "timeouts": null,
            "vpc_id": "vpc-0f0e077558368f636"
          },
          "private": "eyJlMmJmYjczMC1lY2FhLTExZTYtOGY4OC0zNDM2M2JjN2M0YzAiOnsiY3JlYXRlIjo2MDAwMDAwMDAwMDAsImRlbGV0ZSI6MTIwMDAwMDAwMDAwMH0sInNjaGVtYV92ZXJzaW9uIjoiMSJ9",
          "dependencies": [
            "aws_vpc.fleur-vpc",
            "data.aws_availability_zones.fleur-zone"
          ],
          "create_before_destroy": true
        }
      ]
    },
    {
      "mode": "managed",
      "type": "aws_subnet",
      "name": "fleur-public-subnet",
      "provider": "provider[\"registry.terraform.io/hashicorp/aws\"]",
      "instances": [
        {
          "index_key": 0,
          "schema_version": 1,
          "attributes": {
            "arn": "arn:aws:ec2:us-east-2:735972722491:subnet/subnet-01b20431b259209b8",
            "assign_ipv6_address_on_creation": false,
            "availability_zone": "us-east-2a",
            "availability_zone_id": "use2-az1",
            "cidr_block": "150.0.0.0/24",
            "customer_owned_ipv4_pool": "",
            "id": "subnet-01b20431b259209b8",
            "ipv6_cidr_block": "",
            "ipv6_cidr_block_association_id": "",
            "map_customer_owned_ip_on_launch": false,
            "map_public_ip_on_launch": true,
            "outpost_arn": "",
            "owner_id": "735972722491",
            "tags": {
              "Name": "fleur-public-subnet_1"
            },
            "tags_all": {
              "Name": "fleur-public-subnet_1"
            },
            "timeouts": null,
            "vpc_id": "vpc-0f0e077558368f636"
          },
          "private": "eyJlMmJmYjczMC1lY2FhLTExZTYtOGY4OC0zNDM2M2JjN2M0YzAiOnsiY3JlYXRlIjo2MDAwMDAwMDAwMDAsImRlbGV0ZSI6MTIwMDAwMDAwMDAwMH0sInNjaGVtYV92ZXJzaW9uIjoiMSJ9",
          "dependencies": [
            "aws_vpc.fleur-vpc",
            "data.aws_availability_zones.fleur-zone"
          ],
          "create_before_destroy": true
        },
        {
          "index_key": 1,
          "schema_version": 1,
          "attributes": {
            "arn": "arn:aws:ec2:us-east-2:735972722491:subnet/subnet-0ed4523c42a66bd1c",
            "assign_ipv6_address_on_creation": false,
            "availability_zone": "us-east-2b",
            "availability_zone_id": "use2-az2",
            "cidr_block": "150.0.2.0/24",
            "customer_owned_ipv4_pool": "",
            "id": "subnet-0ed4523c42a66bd1c",
            "ipv6_cidr_block": "",
            "ipv6_cidr_block_association_id": "",
            "map_customer_owned_ip_on_launch": false,
            "map_public_ip_on_launch": true,
            "outpost_arn": "",
            "owner_id": "735972722491",
            "tags": {
              "Name": "fleur-public-subnet_2"
            },
            "tags_all": {
              "Name": "fleur-public-subnet_2"
            },
            "timeouts": null,
            "vpc_id": "vpc-0f0e077558368f636"
          },
          "private": "eyJlMmJmYjczMC1lY2FhLTExZTYtOGY4OC0zNDM2M2JjN2M0YzAiOnsiY3JlYXRlIjo2MDAwMDAwMDAwMDAsImRlbGV0ZSI6MTIwMDAwMDAwMDAwMH0sInNjaGVtYV92ZXJzaW9uIjoiMSJ9",
          "dependencies": [
            "aws_vpc.fleur-vpc",
            "data.aws_availability_zones.fleur-zone"
          ],
          "create_before_destroy": true
        },
        {
          "index_key": 2,
          "schema_version": 1,
          "attributes": {
            "arn": "arn:aws:ec2:us-east-2:735972722491:subnet/subnet-09f07bf9c12261b3a",
            "assign_ipv6_address_on_creation": false,
            "availability_zone": "us-east-2c",
            "availability_zone_id": "use2-az3",
            "cidr_block": "150.0.4.0/24",
            "customer_owned_ipv4_pool": "",
            "id": "subnet-09f07bf9c12261b3a",
            "ipv6_cidr_block": "",
            "ipv6_cidr_block_association_id": "",
            "map_customer_owned_ip_on_launch": false,
            "map_public_ip_on_launch": true,
            "outpost_arn": "",
            "owner_id": "735972722491",
            "tags": {
              "Name": "fleur-public-subnet_3"
            },
            "tags_all": {
              "Name": "fleur-public-subnet_3"
            },
            "timeouts": null,
            "vpc_id": "vpc-0f0e077558368f636"
          },
          "private": "eyJlMmJmYjczMC1lY2FhLTExZTYtOGY4OC0zNDM2M2JjN2M0YzAiOnsiY3JlYXRlIjo2MDAwMDAwMDAwMDAsImRlbGV0ZSI6MTIwMDAwMDAwMDAwMH0sInNjaGVtYV92ZXJzaW9uIjoiMSJ9",
          "dependencies": [
            "aws_vpc.fleur-vpc",
            "data.aws_availability_zones.fleur-zone"
          ],
          "create_before_destroy": true
        }
      ]
    },
    {
      "mode": "managed",
      "type": "aws_vpc",
      "name": "fleur-vpc",
      "provider": "provider[\"registry.terraform.io/hashicorp/aws\"]",
      "instances": [
        {
          "index_key": 0,
          "schema_version": 1,
          "attributes": {
            "arn": "arn:aws:ec2:us-east-2:735972722491:vpc/vpc-0f0e077558368f636",
            "assign_generated_ipv6_cidr_block": false,
            "cidr_block": "150.0.0.0/16",
            "default_network_acl_id": "acl-009a0be64d7f1c897",
            "default_route_table_id": "rtb-02b3052a15d8004d6",
            "default_security_group_id": "sg-07c34badedd6c41b8",
            "dhcp_options_id": "dopt-1749c77c",
            "enable_classiclink": null,
            "enable_classiclink_dns_support": null,
            "enable_dns_hostnames": false,
            "enable_dns_support": true,
            "id": "vpc-0f0e077558368f636",
            "instance_tenancy": "default",
            "ipv4_ipam_pool_id": null,
            "ipv4_netmask_length": null,
            "ipv6_association_id": "",
            "ipv6_cidr_block": "",
            "ipv6_ipam_pool_id": null,
            "ipv6_netmask_length": null,
            "main_route_table_id": "rtb-02b3052a15d8004d6",
            "owner_id": "735972722491",
            "tags": {
              "Name": "fleur-vpc"
            },
            "tags_all": {
              "Name": "fleur-vpc"
            }
          },
          "private": "eyJzY2hlbWFfdmVyc2lvbiI6IjEifQ==",
          "create_before_destroy": true
        }
      ]
    }
  ]
}
